PODS:
  - ESUtils (0.0.3)
  - GTMBase64 (1.0.0)

DEPENDENCIES:
  - ESUtils (= 0.0.3)
  - GTMBase64 (= 1.0.0)

SPEC CHECKSUMS:
  ESUtils: bdf2ae1d7a257214f0c992c709c995c8b1572ed8
  GTMBase64: 0da7372e95f5171f3f652db38cde6716f8eb5e24

PODFILE CHECKSUM: 8b34a8dfafc9b46ab859dd53b14ac8b6bbe3ac8b

COCOAPODS: 1.3.0.beta.3
